version = 1
revision = 3
requires-python = ">=3.12"

[[package]]
name = "build"
version = "1.3.0"
source = { registry = "https://pypi.org/simple" }
dependencies = [
    { name = "colorama", marker = "os_name == 'nt'" },
    { name = "packaging" },
    { name = "pyproject-hooks" },
]
sdist = { url = "https://files.pythonhosted.org/packages/25/1c/23e33405a7c9eac261dff640926b8b5adaed6a6eb3e1767d441ed611d0c0/build-1.3.0.tar.gz", hash = "sha256:698edd0ea270bde950f53aed21f3a0135672206f3911e0176261a31e0e07b397", size = 48544, upload-time = "2025-08-01T21:27:09.268Z" }
wheels = [
    { url = "https://files.pythonhosted.org/packages/cb/8c/2b30c12155ad8de0cf641d76a8b396a16d2c36bc6d50b621a62b7c4567c1/build-1.3.0-py3-none-any.whl", hash = "sha256:7145f0b5061ba90a1500d60bd1b13ca0a8a4cebdd0cc16ed8adf1c0e739f43b4", size = 23382, upload-time = "2025-08-01T21:27:07.844Z" },
]

[[package]]
name = "colorama"
version = "0.4.6"
source = { registry = "https://pypi.org/simple" }
sdist = { url = "https://files.pythonhosted.org/packages/d8/53/6f443c9a4a8358a93a6792e2acffb9d9d5cb0a5cfd8802644b7b1c9a02e4/colorama-0.4.6.tar.gz", hash = "sha256:08695f5cb7ed6e0531a20572697297273c47b8cae5a63ffc6d6ed5c201be6e44", size = 27697, upload-time = "2022-10-25T02:36:22.414Z" }
wheels = [
    { url = "https://files.pythonhosted.org/packages/d1/d6/3965ed04c63042e047cb6a3e6ed1a63a35087b6a609aa3a15ed8ac56c221/colorama-0.4.6-py2.py3-none-any.whl", hash = "sha256:4f1d9991f5acc0ca119f9d443620b77f9d6b33703e51011c16baf57afb285fc6", size = 25335, upload-time = "2022-10-25T02:36:20.889Z" },
]

[[package]]
name = "dearpygui"
version = "2.1.1"
source = { registry = "https://pypi.org/simple" }
wheels = [
    { url = "https://files.pythonhosted.org/packages/79/41/2146e8d03d28b5a66d5282beb26ffd9ab68a729a29d31e2fe91809271bf5/dearpygui-2.1.1-cp312-cp312-macosx_10_6_x86_64.whl", hash = "sha256:238aea7b4be7376f564dae8edd563b280ec1483a03786022969938507691e017", size = 2101529, upload-time = "2025-11-14T14:47:39.646Z" },
    { url = "https://files.pythonhosted.org/packages/b0/c5/fcc37ef834fe225241aa4f18d77aaa2903134f283077978d65a901c624c6/dearpygui-2.1.1-cp312-cp312-macosx_13_0_arm64.whl", hash = "sha256:c27ca6ecd4913555b717f3bb341c0b6a27d6c9fdc9932f0b3c31ae2ef893ae35", size = 1895555, upload-time = "2025-11-14T14:47:48.149Z" },
    { url = "https://files.pythonhosted.org/packages/74/66/19f454ba02d5f03a847cc1dfee4a849cd2307d97add5ba26fecdca318adb/dearpygui-2.1.1-cp312-cp312-manylinux1_x86_64.whl", hash = "sha256:8c071e9c165d89217bdcdaf769c6069252fcaee50bf369489add524107932273", size = 2641509, upload-time = "2025-11-14T14:47:54.581Z" },
    { url = "https://files.pythonhosted.org/packages/5e/58/d01538556103d544a5a5b4cbcb00646ff92d8a97f0a6283a56bede4307c8/dearpygui-2.1.1-cp312-cp312-win_amd64.whl", hash = "sha256:9f2291313d2035f8a4108e13f60d8c1a0e7c19af7554a7739a3fd15b3d5af8f7", size = 1808971, upload-time = "2025-11-14T14:47:28.15Z" },
    { url = "https://files.pythonhosted.org/packages/68/3d/69e1204f84e7153b52483c48f28bbc5d6a3996dca5de1a1d5e4904059b6b/dearpygui-2.1.1-cp313-cp313-macosx_10_6_x86_64.whl", hash = "sha256:5bab324eb6d61213e74a1937b501eff8ca713e7478d5bd6465b6456921194ca0", size = 2101382, upload-time = "2025-11-14T14:47:40.666Z" },
    { url = "https://files.pythonhosted.org/packages/3c/79/f28074174bd4ea2193213fcc099fa576568129ad805fc51a066f8502dedc/dearpygui-2.1.1-cp313-cp313-macosx_13_0_arm64.whl", hash = "sha256:958a794ed9c622842c70d80548fa943162f8b9f56c27f9a9a32eff5beef10945", size = 1895619, upload-time = "2025-11-14T14:47:49.231Z" },
    { url = "https://files.pythonhosted.org/packages/0c/46/afdbc98c35b1bb6bcac815489955c1a891dc44c5b6a00ac859cc11bd0ff5/dearpygui-2.1.1-cp313-cp313-manylinux1_x86_64.whl", hash = "sha256:ce692d9531d797cf31c85439e774d27fa67c5918e21e7e18d64987d1cb65ff2c", size = 2641406, upload-time = "2025-11-14T14:47:56.269Z" },
    { url = "https://files.pythonhosted.org/packages/6b/3a/5a71ab350e580cf88e1669f2d27bdc698df7bcda665edc459a9fe217234d/dearpygui-2.1.1-cp313-cp313-win_amd64.whl", hash = "sha256:0901c6ba9c717599df9469576184ca851de6cde242b2d9f9ab10bc35a7219656", size = 1808916, upload-time = "2025-11-14T14:47:30.363Z" },
    { url = "https://files.pythonhosted.org/packages/2c/bd/d41500cae7d4b204f4474df1953a1735a7be232711fa33692fe176a88824/dearpygui-2.1.1-cp314-cp314-macosx_10_6_x86_64.whl", hash = "sha256:6d8f807ea0c75d64407926db442255b609c6883dfcc85559acfd8f66569f7d61", size = 2101737, upload-time = "2025-11-14T14:47:41.67Z" },
    { url = "https://files.pythonhosted.org/packages/97/52/00cd59bf2cca1f76dff39370fd47dffe0cd116639e9a957bbf7dbedea369/dearpygui-2.1.1-cp314-cp314-macosx_13_0_arm64.whl", hash = "sha256:16cba0c621914c28abc056940143900677d964c60fe2432aeb45c4054cb84adc", size = 1895685, upload-time = "2025-11-14T14:47:50.303Z" },
    { url = "https://files.pythonhosted.org/packages/62/f8/305f9edc94601924f399d8381509763b3398300b012389ff4d1ebcdbdb9b/dearpygui-2.1.1-cp314-cp314-manylinux1_x86_64.whl", hash = "sha256:8a71dfb779772cd36b56858c15e333fb2487fb19a9319d796896cb0cd0efcd2c", size = 2641463, upload-time = "2025-11-14T14:47:57.792Z" },
    { url = "https://files.pythonhosted.org/packages/25/d5/1780c1165c435afe4b35aa664ae48881101bdb32476efeae5588d520bcb2/dearpygui-2.1.1-cp314-cp314-win_amd64.whl", hash = "sha256:7c719adbc382f688c84c576e8d752cfe861b41b9d83ed1fd065e20944c11afbf", size = 1866074, upload-time = "2025-11-14T14:47:31.897Z" },
]

[[package]]
name = "dearpypixl"
version = "2.0.0"
source = { virtual = "." }
dependencies = [
    { name = "dearpygui" },
]

[package.optional-dependencies]
dev = [
    { name = "build" },
]

[package.metadata]
requires-dist = [
    { name = "build", marker = "extra == 'dev'" },
    { name = "dearpygui", specifier = "~=2.0" },
]
provides-extras = ["dev"]

[[package]]
name = "packaging"
version = "25.0"
source = { registry = "https://pypi.org/simple" }
sdist = { url = "https://files.pythonhosted.org/packages/a1/d4/1fc4078c65507b51b96ca8f8c3ba19e6a61c8253c72794544580a7b6c24d/packaging-25.0.tar.gz", hash = "sha256:d443872c98d677bf60f6a1f2f8c1cb748e8fe762d2bf9d3148b5599295b0fc4f", size = 165727, upload-time = "2025-04-19T11:48:59.673Z" }
wheels = [
    { url = "https://files.pythonhosted.org/packages/20/12/38679034af332785aac8774540895e234f4d07f7545804097de4b666afd8/packaging-25.0-py3-none-any.whl", hash = "sha256:29572ef2b1f17581046b3a2227d5c611fb25ec70ca1ba8554b24b0e69331a484", size = 66469, upload-time = "2025-04-19T11:48:57.875Z" },
]

[[package]]
name = "pyproject-hooks"
version = "1.2.0"
source = { registry = "https://pypi.org/simple" }
sdist = { url = "https://files.pythonhosted.org/packages/e7/82/28175b2414effca1cdac8dc99f76d660e7a4fb0ceefa4b4ab8f5f6742925/pyproject_hooks-1.2.0.tar.gz", hash = "sha256:1e859bd5c40fae9448642dd871adf459e5e2084186e8d2c2a79a824c970da1f8", size = 19228, upload-time = "2024-09-29T09:24:13.293Z" }
wheels = [
    { url = "https://files.pythonhosted.org/packages/bd/24/12818598c362d7f300f18e74db45963dbcb85150324092410c8b49405e42/pyproject_hooks-1.2.0-py3-none-any.whl", hash = "sha256:9e5c6bfa8dcc30091c74b0cf803c81fdd29d94f01992a7707bc97babb1141913", size = 10216, upload-time = "2024-09-29T09:24:11.978Z" },
]
